
Microsoft Visual Studio Solution File, Format Version 12.00
# Visual Studio Version 16
VisualStudioVersion = 16.0.31624.102
MinimumVisualStudioVersion = 10.0.40219.1
Project("{9A19103F-16F7-4668-BE54-9A1E7A4F7556}") = "FirstWPFApplication", "FirstWPFApplication\FirstWPFApplication.csproj", "{E08B35AA-840C-4D17-A502-7F4DA1850DBE}"
EndProject
Project("{9A19103F-16F7-4668-BE54-9A1E7A4F7556}") = "Vowels_and_Consonants", "Vowels_and_Consonants\Vowels_and_Consonants.csproj", "{77B34B74-9E5B-4119-9CA4-6649FA9C9532}"
EndProject
Project("{9A19103F-16F7-4668-BE54-9A1E7A4F7556}") = "WPF_Classes", "WPF_Classes\WPF_Classes.csproj", "{EE743A3E-3788-4D81-BB04-FBA050AABE72}"
EndProject
Project("{9A19103F-16F7-4668-BE54-9A1E7A4F7556}") = "WPF_ContactList", "WPF_ContactList\WPF_ContactList.csproj", "{11D9DA6C-616C-4233-97C4-9746174C2E18}"
EndProject
Project("{FAE04EC0-301F-11D3-BF4B-00C04F79EFBC}") = "JSON-Chuck_Norris_Jokes", "JSON-Chuck_Norris_Jokes\JSON-Chuck_Norris_Jokes.csproj", "{79423529-C0EC-462C-96E4-B29906137DCA}"
EndProject
Global
	GlobalSection(SolutionConfigurationPlatforms) = preSolution
		Debug|Any CPU = Debug|Any CPU
		Release|Any CPU = Release|Any CPU
	EndGlobalSection
	GlobalSection(ProjectConfigurationPlatforms) = postSolution
		{E08B35AA-840C-4D17-A502-7F4DA1850DBE}.Debug|Any CPU.ActiveCfg = Debug|Any CPU
		{E08B35AA-840C-4D17-A502-7F4DA1850DBE}.Debug|Any CPU.Build.0 = Debug|Any CPU
		{E08B35AA-840C-4D17-A502-7F4DA1850DBE}.Release|Any CPU.ActiveCfg = Release|Any CPU
		{E08B35AA-840C-4D17-A502-7F4DA1850DBE}.Release|Any CPU.Build.0 = Release|Any CPU
		{77B34B74-9E5B-4119-9CA4-6649FA9C9532}.Debug|Any CPU.ActiveCfg = Debug|Any CPU
		{77B34B74-9E5B-4119-9CA4-6649FA9C9532}.Debug|Any CPU.Build.0 = Debug|Any CPU
		{77B34B74-9E5B-4119-9CA4-6649FA9C9532}.Release|Any CPU.ActiveCfg = Release|Any CPU
		{77B34B74-9E5B-4119-9CA4-6649FA9C9532}.Release|Any CPU.Build.0 = Release|Any CPU
		{EE743A3E-3788-4D81-BB04-FBA050AABE72}.Debug|Any CPU.ActiveCfg = Debug|Any CPU
		{EE743A3E-3788-4D81-BB04-FBA050AABE72}.Debug|Any CPU.Build.0 = Debug|Any CPU
		{EE743A3E-3788-4D81-BB04-FBA050AABE72}.Release|Any CPU.ActiveCfg = Release|Any CPU
		{EE743A3E-3788-4D81-BB04-FBA050AABE72}.Release|Any CPU.Build.0 = Release|Any CPU
		{11D9DA6C-616C-4233-97C4-9746174C2E18}.Debug|Any CPU.ActiveCfg = Debug|Any CPU
		{11D9DA6C-616C-4233-97C4-9746174C2E18}.Debug|Any CPU.Build.0 = Debug|Any CPU
		{11D9DA6C-616C-4233-97C4-9746174C2E18}.Release|Any CPU.ActiveCfg = Release|Any CPU
		{11D9DA6C-616C-4233-97C4-9746174C2E18}.Release|Any CPU.Build.0 = Release|Any CPU
		{79423529-C0EC-462C-96E4-B29906137DCA}.Debug|Any CPU.ActiveCfg = Debug|Any CPU
		{79423529-C0EC-462C-96E4-B29906137DCA}.Debug|Any CPU.Build.0 = Debug|Any CPU
		{79423529-C0EC-462C-96E4-B29906137DCA}.Release|Any CPU.ActiveCfg = Release|Any CPU
		{79423529-C0EC-462C-96E4-B29906137DCA}.Release|Any CPU.Build.0 = Release|Any CPU
	EndGlobalSection
	GlobalSection(SolutionProperties) = preSolution
		HideSolutionNode = FALSE
	EndGlobalSection
	GlobalSection(ExtensibilityGlobals) = postSolution
		SolutionGuid = {DAC65A1E-187F-4E7E-9F39-B73CD518AE35}
	EndGlobalSection
EndGlobal
