
Microsoft Visual Studio Solution File, Format Version 12.00
# Visual Studio Version 16
VisualStudioVersion = 16.0.31624.102
MinimumVisualStudioVersion = 10.0.40219.1
Project("{9A19103F-16F7-4668-BE54-9A1E7A4F7556}") = "WPF_with_class_review", "WPF_with_class_review\WPF_with_class_review.csproj", "{9F07252D-5A85-436C-9C72-2220C101A7C6}"
EndProject
Project("{9A19103F-16F7-4668-BE54-9A1E7A4F7556}") = "WPF_FizzBuzz", "WPF_FizzBuzz\WPF_FizzBuzz.csproj", "{8165B7EF-3E5F-49BD-A944-2B4107377988}"
EndProject
Project("{9A19103F-16F7-4668-BE54-9A1E7A4F7556}") = "WPF_Classes", "WPF_Classes\WPF_Classes.csproj", "{550D55AF-B28F-4390-A2DC-A17E315ACD50}"
EndProject
Project("{9A19103F-16F7-4668-BE54-9A1E7A4F7556}") = "WPF_Files", "WPF_Files\WPF_Files.csproj", "{13024606-4864-4D3D-B0DF-AB2BF5E79F87}"
EndProject
Project("{FAE04EC0-301F-11D3-BF4B-00C04F79EFBC}") = "JSON_RickAndMorty", "JSON_RickAndMorty\JSON_RickAndMorty.csproj", "{61F6C44E-90A0-4FF3-A158-7BFD0FF49D33}"
EndProject
Global
	GlobalSection(SolutionConfigurationPlatforms) = preSolution
		Debug|Any CPU = Debug|Any CPU
		Release|Any CPU = Release|Any CPU
	EndGlobalSection
	GlobalSection(ProjectConfigurationPlatforms) = postSolution
		{9F07252D-5A85-436C-9C72-2220C101A7C6}.Debug|Any CPU.ActiveCfg = Debug|Any CPU
		{9F07252D-5A85-436C-9C72-2220C101A7C6}.Debug|Any CPU.Build.0 = Debug|Any CPU
		{9F07252D-5A85-436C-9C72-2220C101A7C6}.Release|Any CPU.ActiveCfg = Release|Any CPU
		{9F07252D-5A85-436C-9C72-2220C101A7C6}.Release|Any CPU.Build.0 = Release|Any CPU
		{8165B7EF-3E5F-49BD-A944-2B4107377988}.Debug|Any CPU.ActiveCfg = Debug|Any CPU
		{8165B7EF-3E5F-49BD-A944-2B4107377988}.Debug|Any CPU.Build.0 = Debug|Any CPU
		{8165B7EF-3E5F-49BD-A944-2B4107377988}.Release|Any CPU.ActiveCfg = Release|Any CPU
		{8165B7EF-3E5F-49BD-A944-2B4107377988}.Release|Any CPU.Build.0 = Release|Any CPU
		{550D55AF-B28F-4390-A2DC-A17E315ACD50}.Debug|Any CPU.ActiveCfg = Debug|Any CPU
		{550D55AF-B28F-4390-A2DC-A17E315ACD50}.Debug|Any CPU.Build.0 = Debug|Any CPU
		{550D55AF-B28F-4390-A2DC-A17E315ACD50}.Release|Any CPU.ActiveCfg = Release|Any CPU
		{550D55AF-B28F-4390-A2DC-A17E315ACD50}.Release|Any CPU.Build.0 = Release|Any CPU
		{13024606-4864-4D3D-B0DF-AB2BF5E79F87}.Debug|Any CPU.ActiveCfg = Debug|Any CPU
		{13024606-4864-4D3D-B0DF-AB2BF5E79F87}.Debug|Any CPU.Build.0 = Debug|Any CPU
		{13024606-4864-4D3D-B0DF-AB2BF5E79F87}.Release|Any CPU.ActiveCfg = Release|Any CPU
		{13024606-4864-4D3D-B0DF-AB2BF5E79F87}.Release|Any CPU.Build.0 = Release|Any CPU
		{61F6C44E-90A0-4FF3-A158-7BFD0FF49D33}.Debug|Any CPU.ActiveCfg = Debug|Any CPU
		{61F6C44E-90A0-4FF3-A158-7BFD0FF49D33}.Debug|Any CPU.Build.0 = Debug|Any CPU
		{61F6C44E-90A0-4FF3-A158-7BFD0FF49D33}.Release|Any CPU.ActiveCfg = Release|Any CPU
		{61F6C44E-90A0-4FF3-A158-7BFD0FF49D33}.Release|Any CPU.Build.0 = Release|Any CPU
	EndGlobalSection
	GlobalSection(SolutionProperties) = preSolution
		HideSolutionNode = FALSE
	EndGlobalSection
	GlobalSection(ExtensibilityGlobals) = postSolution
		SolutionGuid = {7D6ECE8E-7177-488F-82DA-94EA3E11B0F4}
	EndGlobalSection
EndGlobal
